
Microsoft Visual Studio Solution File, Format Version 12.00
# Visual Studio Version 17
VisualStudioVersion = 17.14.37111.16 d17.14
MinimumVisualStudioVersion = 10.0.40219.1
Project("{FAE04EC0-301F-11D3-BF4B-00C04F79EFBC}") = "ProjectDatabaseStore", "ProjectDatabaseStore\ProjectDatabaseStore.csproj", "{BF88F106-8A68-47F7-BA1A-26123C95814F}"
EndProject
Global
	GlobalSection(SolutionConfigurationPlatforms) = preSolution
		Debug|Any CPU = Debug|Any CPU
		Release|Any CPU = Release|Any CPU
	EndGlobalSection
	GlobalSection(ProjectConfigurationPlatforms) = postSolution
		{BF88F106-8A68-47F7-BA1A-26123C95814F}.Debug|Any CPU.ActiveCfg = Debug|Any CPU
		{BF88F106-8A68-47F7-BA1A-26123C95814F}.Debug|Any CPU.Build.0 = Debug|Any CPU
		{BF88F106-8A68-47F7-BA1A-26123C95814F}.Release|Any CPU.ActiveCfg = Release|Any CPU
		{BF88F106-8A68-47F7-BA1A-26123C95814F}.Release|Any CPU.Build.0 = Release|Any CPU
	EndGlobalSection
	GlobalSection(SolutionProperties) = preSolution
		HideSolutionNode = FALSE
	EndGlobalSection
	GlobalSection(ExtensibilityGlobals) = postSolution
		SolutionGuid = {5E41D5E2-9DFE-4786-890D-E8FB295BA6B1}
	EndGlobalSection
EndGlobal
